
Microsoft Visual Studio Solution File, Format Version 12.00
# Visual Studio 2012
Project("{FAE04EC0-301F-11D3-BF4B-00C04F79EFBC}") = "TriviaGame", "TriviaGame.csproj", "{033C8D38-3A57-4E29-855A-1ECA52F78C2E}"
EndProject
Global
	GlobalSection(SolutionConfigurationPlatforms) = preSolution
		Debug|Any CPU = Debug|Any CPU
		Release|Any CPU = Release|Any CPU
	EndGlobalSection
	GlobalSection(ProjectConfigurationPlatforms) = postSolution
		{033C8D38-3A57-4E29-855A-1ECA52F78C2E}.Debug|Any CPU.ActiveCfg = Debug|Any CPU
		{033C8D38-3A57-4E29-855A-1ECA52F78C2E}.Debug|Any CPU.Build.0 = Debug|Any CPU
		{033C8D38-3A57-4E29-855A-1ECA52F78C2E}.Release|Any CPU.ActiveCfg = Release|Any CPU
		{033C8D38-3A57-4E29-855A-1ECA52F78C2E}.Release|Any CPU.Build.0 = Release|Any CPU
	EndGlobalSection
	GlobalSection(SolutionProperties) = preSolution
		HideSolutionNode = FALSE
	EndGlobalSection
EndGlobal
